Microsoft Visual Studio Solution File, Format Version 12.00
# Visual Studio Version 17
VisualStudioVersion = 17.5.2.0
MinimumVisualStudioVersion = 10.0.40219.1
Project("{FAE04EC0-301F-11D3-BF4B-00C04F79EFBC}") = "ProcurementAPI", "ProcurementAPI.csproj", "{4783CA65-AD7E-B986-531A-BB72423AD314}"
EndProject
Global
	GlobalSection(SolutionConfigurationPlatforms) = preSolution
		Debug|Any CPU = Debug|Any CPU
		Release|Any CPU = Release|Any CPU
	EndGlobalSection
	GlobalSection(ProjectConfigurationPlatforms) = postSolution
		{4783CA65-AD7E-B986-531A-BB72423AD314}.Debug|Any CPU.ActiveCfg = Debug|Any CPU
		{4783CA65-AD7E-B986-531A-BB72423AD314}.Debug|Any CPU.Build.0 = Debug|Any CPU
		{4783CA65-AD7E-B986-531A-BB72423AD314}.Release|Any CPU.ActiveCfg = Release|Any CPU
		{4783CA65-AD7E-B986-531A-BB72423AD314}.Release|Any CPU.Build.0 = Release|Any CPU
	EndGlobalSection
	GlobalSection(SolutionProperties) = preSolution
		HideSolutionNode = FALSE
	EndGlobalSection
	GlobalSection(ExtensibilityGlobals) = postSolution
		SolutionGuid = {51FC15E7-A923-43C6-9D37-231B859AA0DE}
	EndGlobalSection
EndGlobal
